// !$*UTF8*$!
{
	archiveVersion = 1;
	classes = {
	};
	objectVersion = 46;
	objects = {

/* Begin PBXBuildFile section */
		2A13130B187BDD2300A5F7D4 /* CTButton.m in Sources */ = {isa = PBXBuildFile; fileRef = 2A13130A187BDD2300A5F7D4 /* CTButton.m */; };
		2A1992D61864622800845F3E /* Foundation.framework in Frameworks */ = {isa = PBXBuildFile; fileRef = 2A1992D51864622800845F3E /* Foundation.framework */; };
		2A1992D81864622800845F3E /* CoreGraphics.framework in Frameworks */ = {isa = PBXBuildFile; fileRef = 2A1992D71864622800845F3E /* CoreGraphics.framework */; };
		2A1992DA1864622800845F3E /* UIKit.framework in Frameworks */ = {isa = PBXBuildFile; fileRef = 2A1992D91864622800845F3E /* UIKit.framework */; };
		2A1992E01864622800845F3E /* InfoPlist.strings in Resources */ = {isa = PBXBuildFile; fileRef = 2A1992DE1864622800845F3E /* InfoPlist.strings */; };
		2A1992E21864622800845F3E /* main.m in Sources */ = {isa = PBXBuildFile; fileRef = 2A1992E11864622800845F3E /* main.m */; };
		2A1992E61864622800845F3E /* AppDelegate.m in Sources */ = {isa = PBXBuildFile; fileRef = 2A1992E51864622800845F3E /* AppDelegate.m */; };
		2A1992E81864622800845F3E /* Images.xcassets in Resources */ = {isa = PBXBuildFile; fileRef = 2A1992E71864622800845F3E /* Images.xcassets */; };
		2A1992EF1864622800845F3E /* XCTest.framework in Frameworks */ = {isa = PBXBuildFile; fileRef = 2A1992EE1864622800845F3E /* XCTest.framework */; };
		2A1992F01864622800845F3E /* Foundation.framework in Frameworks */ = {isa = PBXBuildFile; fileRef = 2A1992D51864622800845F3E /* Foundation.framework */; };
		2A1992F11864622800845F3E /* UIKit.framework in Frameworks */ = {isa = PBXBuildFile; fileRef = 2A1992D91864622800845F3E /* UIKit.framework */; };
		2A1992F91864622800845F3E /* InfoPlist.strings in Resources */ = {isa = PBXBuildFile; fileRef = 2A1992F71864622800845F3E /* InfoPlist.strings */; };
		2A1992FB1864622800845F3E /* TableTestTests.m in Sources */ = {isa = PBXBuildFile; fileRef = 2A1992FA1864622800845F3E /* TableTestTests.m */; };
		2A1993061864623B00845F3E /* RootViewController.m in Sources */ = {isa = PBXBuildFile; fileRef = 2A1993051864623B00845F3E /* RootViewController.m */; };
		2A19930918652CE800845F3E /* CustomCell.m in Sources */ = {isa = PBXBuildFile; fileRef = 2A19930818652CE800845F3E /* CustomCell.m */; };
		2A19930D18657A3100845F3E /* CalendarsRemindersViewController.m in Sources */ = {isa = PBXBuildFile; fileRef = 2A19930C18657A3100845F3E /* CalendarsRemindersViewController.m */; };
		2A19930F18657B8100845F3E /* EventKit.framework in Frameworks */ = {isa = PBXBuildFile; fileRef = 2A19930E18657B8100845F3E /* EventKit.framework */; };
		2A312A01189241DC00D8ECA1 /* GaodeViewController.m in Sources */ = {isa = PBXBuildFile; fileRef = 2A312A00189241DC00D8ECA1 /* GaodeViewController.m */; };
		2A312A0418924F8100D8ECA1 /* GaoDePoint.m in Sources */ = {isa = PBXBuildFile; fileRef = 2A312A0318924F8100D8ECA1 /* GaoDePoint.m */; };
		2A312A061894A95F00D8ECA1 /* MapKit.framework in Frameworks */ = {isa = PBXBuildFile; fileRef = 2A312A051894A95F00D8ECA1 /* MapKit.framework */; };
		2A312A091894E92800D8ECA1 /* Annotation.m in Sources */ = {isa = PBXBuildFile; fileRef = 2A312A081894E92800D8ECA1 /* Annotation.m */; };
		2A46716418C56C610041F3B9 /* Utis.m in Sources */ = {isa = PBXBuildFile; fileRef = 2A46716318C56C610041F3B9 /* Utis.m */; };
		2A5B4079186E9A8600279689 /* ViewController.m in Sources */ = {isa = PBXBuildFile; fileRef = 2A5B4078186E9A8600279689 /* ViewController.m */; };
		2A5B407D186E9D5D00279689 /* PlistViewController.m in Sources */ = {isa = PBXBuildFile; fileRef = 2A5B407C186E9D5D00279689 /* PlistViewController.m */; };
		2A7BD907186EA3DB00C12850 /* PackingList.plist in Resources */ = {isa = PBXBuildFile; fileRef = 2A7BD906186EA3DB00C12850 /* PackingList.plist */; };
		2A7BD909186EA9B100C12850 /* PackingLibrary.plist in Resources */ = {isa = PBXBuildFile; fileRef = 2A7BD908186EA9B100C12850 /* PackingLibrary.plist */; };
		2A8BDA23188636F20053E50E /* ClassExtend.m in Sources */ = {isa = PBXBuildFile; fileRef = 2A8BDA22188636F20053E50E /* ClassExtend.m */; settings = {COMPILER_FLAGS = "-fno-objc-arc"; }; };
		2A94BE6A1889113800B298D1 /* ChineseToPinyin.m in Sources */ = {isa = PBXBuildFile; fileRef = 2A94BE681889113800B298D1 /* ChineseToPinyin.m */; };
		2A94BE6E1889159500B298D1 /* SortViewController.m in Sources */ = {isa = PBXBuildFile; fileRef = 2A94BE6D1889159500B298D1 /* SortViewController.m */; };
		2ACCA4B9188F616D00C17151 /* DesignPatterns.m in Sources */ = {isa = PBXBuildFile; fileRef = 2ACCA4B8188F616D00C17151 /* DesignPatterns.m */; };
		2ACCA4BD188F61A600C17151 /* Animal.m in Sources */ = {isa = PBXBuildFile; fileRef = 2ACCA4BC188F61A600C17151 /* Animal.m */; };
		2ACCA4C0188F61B300C17151 /* Dog.m in Sources */ = {isa = PBXBuildFile; fileRef = 2ACCA4BF188F61B300C17151 /* Dog.m */; };
		2ACCA4C3188F61BF00C17151 /* Cat.m in Sources */ = {isa = PBXBuildFile; fileRef = 2ACCA4C2188F61BF00C17151 /* Cat.m */; };
		2ACCA4C8188F6E4000C17151 /* HttpRequest.m in Sources */ = {isa = PBXBuildFile; fileRef = 2ACCA4C7188F6E4000C17151 /* HttpRequest.m */; };
		2ACCA4CB188F9EC400C17151 /* Singelton.m in Sources */ = {isa = PBXBuildFile; fileRef = 2ACCA4CA188F9EC400C17151 /* Singelton.m */; };
		2ACCA4CF1890F3ED00C17151 /* DrawViewController.m in Sources */ = {isa = PBXBuildFile; fileRef = 2ACCA4CE1890F3ED00C17151 /* DrawViewController.m */; };
		2ACCA4D31890F49600C17151 /* DrawCircle.m in Sources */ = {isa = PBXBuildFile; fileRef = 2ACCA4D21890F49600C17151 /* DrawCircle.m */; };
		2ACCA4D51890FACE00C17151 /* QuartzCore.framework in Frameworks */ = {isa = PBXBuildFile; fileRef = 2ACCA4D41890FACE00C17151 /* QuartzCore.framework */; };
		ED05E0BD187AE89E001AC6FA /* CopyViewController.m in Sources */ = {isa = PBXBuildFile; fileRef = ED05E0BC187AE89E001AC6FA /* CopyViewController.m */; settings = {COMPILER_FLAGS = "-fno-objc-arc"; }; };
		ED05E0C0187AE9C6001AC6FA /* People.m in Sources */ = {isa = PBXBuildFile; fileRef = ED05E0BF187AE9C6001AC6FA /* People.m */; settings = {COMPILER_FLAGS = "-fno-objc-arc"; }; };
		ED05E0C3187AF494001AC6FA /* NSMutableArray+DeepCopy.m in Sources */ = {isa = PBXBuildFile; fileRef = ED05E0C2187AF494001AC6FA /* NSMutableArray+DeepCopy.m */; settings = {COMPILER_FLAGS = "-fno-objc-arc"; }; };
		EDE7C32518AD0A2700739338 /* T3_4@2x.png in Resources */ = {isa = PBXBuildFile; fileRef = EDE7C31F18AD0A2700739338 /* T3_4@2x.png */; };
		EDE7C32618AD0A2700739338 /* T4_4@2x.png in Resources */ = {isa = PBXBuildFile; fileRef = EDE7C32018AD0A2700739338 /* T4_4@2x.png */; };
		EDE7C32718AD0A2700739338 /* T5_4@2x.png in Resources */ = {isa = PBXBuildFile; fileRef = EDE7C32118AD0A2700739338 /* T5_4@2x.png */; };
		EDE7C32818AD0A2700739338 /* T0_4@2x.png in Resources */ = {isa = PBXBuildFile; fileRef = EDE7C32218AD0A2700739338 /* T0_4@2x.png */; };
		EDE7C32918AD0A2700739338 /* T1_4@2x.png in Resources */ = {isa = PBXBuildFile; fileRef = EDE7C32318AD0A2700739338 /* T1_4@2x.png */; };
		EDE7C32A18AD0A2700739338 /* T2_4@2x.png in Resources */ = {isa = PBXBuildFile; fileRef = EDE7C32418AD0A2700739338 /* T2_4@2x.png */; };
		EDE7C33118AD0A3000739338 /* T3@2x.png in Resources */ = {isa = PBXBuildFile; fileRef = EDE7C32B18AD0A3000739338 /* T3@2x.png */; };
		EDE7C33218AD0A3000739338 /* T4@2x.png in Resources */ = {isa = PBXBuildFile; fileRef = EDE7C32C18AD0A3000739338 /* T4@2x.png */; };
		EDE7C33318AD0A3000739338 /* T5@2x.png in Resources */ = {isa = PBXBuildFile; fileRef = EDE7C32D18AD0A3000739338 /* T5@2x.png */; };
		EDE7C33418AD0A3000739338 /* T0@2x.png in Resources */ = {isa = PBXBuildFile; fileRef = EDE7C32E18AD0A3000739338 /* T0@2x.png */; };
		EDE7C33518AD0A3000739338 /* T1@2x.png in Resources */ = {isa = PBXBuildFile; fileRef = EDE7C32F18AD0A3000739338 /* T1@2x.png */; };
		EDE7C33618AD0A3000739338 /* T2@2x.png in Resources */ = {isa = PBXBuildFile; fileRef = EDE7C33018AD0A3000739338 /* T2@2x.png */; };
		EDE7C33818AD151500739338 /* AirportList.plist in Resources */ = {isa = PBXBuildFile; fileRef = EDE7C33718AD151500739338 /* AirportList.plist */; };
		EDEF46BA187909C00081612F /* CustomTextField.m in Sources */ = {isa = PBXBuildFile; fileRef = EDEF46B9187909C00081612F /* CustomTextField.m */; };
		EDEF46BE18790AAC0081612F /* CTField.m in Sources */ = {isa = PBXBuildFile; fileRef = EDEF46BD18790AAC0081612F /* CTField.m */; };
		EDEF46C018790CF30081612F /* qq@2x.png in Resources */ = {isa = PBXBuildFile; fileRef = EDEF46BF18790CF30081612F /* qq@2x.png */; };
		EDF873F81873B1FA002CE946 /* ZheDieTable.m in Sources */ = {isa = PBXBuildFile; fileRef = EDF873F71873B1FA002CE946 /* ZheDieTable.m */; };
/* End PBXBuildFile section */

/* Begin PBXContainerItemProxy section */
		2A1992F21864622800845F3E /* PBXContainerItemProxy */ = {
			isa = PBXContainerItemProxy;
			containerPortal = 2A1992CA1864622800845F3E /* Project object */;
			proxyType = 1;
			remoteGlobalIDString = 2A1992D11864622800845F3E;
			remoteInfo = TableTest;
		};
/* End PBXContainerItemProxy section */

/* Begin PBXFileReference section */
		2A131309187BDD2300A5F7D4 /* CTButton.h */ = {isa = PBXFileReference; fileEncoding = 4; lastKnownFileType = sourcecode.c.h; path = CTButton.h; sourceTree = "<group>"; };
		2A13130A187BDD2300A5F7D4 /* CTButton.m */ = {isa = PBXFileReference; fileEncoding = 4; lastKnownFileType = sourcecode.c.objc; path = CTButton.m; sourceTree = "<group>"; };
		2A1992D21864622800845F3E /* TableTest.app */ = {isa = PBXFileReference; explicitFileType = wrapper.application; includeInIndex = 0; path = TableTest.app; sourceTree = BUILT_PRODUCTS_DIR; };
		2A1992D51864622800845F3E /* Foundation.framework */ = {isa = PBXFileReference; lastKnownFileType = wrapper.framework; name = Foundation.framework; path = System/Library/Frameworks/Foundation.framework; sourceTree = SDKROOT; };
		2A1992D71864622800845F3E /* CoreGraphics.framework */ = {isa = PBXFileReference; lastKnownFileType = wrapper.framework; name = CoreGraphics.framework; path = System/Library/Frameworks/CoreGraphics.framework; sourceTree = SDKROOT; };
		2A1992D91864622800845F3E /* UIKit.framework */ = {isa = PBXFileReference; lastKnownFileType = wrapper.framework; name = UIKit.framework; path = System/Library/Frameworks/UIKit.framework; sourceTree = SDKROOT; };
		2A1992DD1864622800845F3E /* TableTest-Info.plist */ = {isa = PBXFileReference; lastKnownFileType = text.plist.xml; path = "TableTest-Info.plist"; sourceTree = "<group>"; };
		2A1992DF1864622800845F3E /* en */ = {isa = PBXFileReference; lastKnownFileType = text.plist.strings; name = en; path = en.lproj/InfoPlist.strings; sourceTree = "<group>"; };
		2A1992E11864622800845F3E /* main.m */ = {isa = PBXFileReference; lastKnownFileType = sourcecode.c.objc; path = main.m; sourceTree = "<group>"; };
		2A1992E31864622800845F3E /* TableTest-Prefix.pch */ = {isa = PBXFileReference; lastKnownFileType = sourcecode.c.h; path = "TableTest-Prefix.pch"; sourceTree = "<group>"; };
		2A1992E41864622800845F3E /* AppDelegate.h */ = {isa = PBXFileReference; lastKnownFileType = sourcecode.c.h; path = AppDelegate.h; sourceTree = "<group>"; };
		2A1992E51864622800845F3E /* AppDelegate.m */ = {isa = PBXFileReference; lastKnownFileType = sourcecode.c.objc; path = AppDelegate.m; sourceTree = "<group>"; };
		2A1992E71864622800845F3E /* Images.xcassets */ = {isa = PBXFileReference; lastKnownFileType = folder.assetcatalog; path = Images.xcassets; sourceTree = "<group>"; };
		2A1992ED1864622800845F3E /* TableTestTests.xctest */ = {isa = PBXFileReference; explicitFileType = wrapper.cfbundle; includeInIndex = 0; path = TableTestTests.xctest; sourceTree = BUILT_PRODUCTS_DIR; };
		2A1992EE1864622800845F3E /* XCTest.framework */ = {isa = PBXFileReference; lastKnownFileType = wrapper.framework; name = XCTest.framework; path = Library/Frameworks/XCTest.framework; sourceTree = DEVELOPER_DIR; };
		2A1992F61864622800845F3E /* TableTestTests-Info.plist */ = {isa = PBXFileReference; lastKnownFileType = text.plist.xml; path = "TableTestTests-Info.plist"; sourceTree = "<group>"; };
		2A1992F81864622800845F3E /* en */ = {isa = PBXFileReference; lastKnownFileType = text.plist.strings; name = en; path = en.lproj/InfoPlist.strings; sourceTree = "<group>"; };
		2A1992FA1864622800845F3E /* TableTestTests.m */ = {isa = PBXFileReference; lastKnownFileType = sourcecode.c.objc; path = TableTestTests.m; sourceTree = "<group>"; };
		2A1993041864623B00845F3E /* RootViewController.h */ = {isa = PBXFileReference; fileEncoding = 4; lastKnownFileType = sourcecode.c.h; path = RootViewController.h; sourceTree = "<group>"; };
		2A1993051864623B00845F3E /* RootViewController.m */ = {isa = PBXFileReference; fileEncoding = 4; lastKnownFileType = sourcecode.c.objc; path = RootViewController.m; sourceTree = "<group>"; };
		2A19930718652CE800845F3E /* CustomCell.h */ = {isa = PBXFileReference; fileEncoding = 4; lastKnownFileType = sourcecode.c.h; path = CustomCell.h; sourceTree = "<group>"; };
		2A19930818652CE800845F3E /* CustomCell.m */ = {isa = PBXFileReference; fileEncoding = 4; lastKnownFileType = sourcecode.c.objc; path = CustomCell.m; sourceTree = "<group>"; };
		2A19930B18657A3100845F3E /* CalendarsRemindersViewController.h */ = {isa = PBXFileReference; fileEncoding = 4; lastKnownFileType = sourcecode.c.h; path = CalendarsRemindersViewController.h; sourceTree = "<group>"; };
		2A19930C18657A3100845F3E /* CalendarsRemindersViewController.m */ = {isa = PBXFileReference; fileEncoding = 4; lastKnownFileType = sourcecode.c.objc; path = CalendarsRemindersViewController.m; sourceTree = "<group>"; };
		2A19930E18657B8100845F3E /* EventKit.framework */ = {isa = PBXFileReference; lastKnownFileType = wrapper.framework; name = EventKit.framework; path = System/Library/Frameworks/EventKit.framework; sourceTree = SDKROOT; };
		2A3129FF189241DC00D8ECA1 /* GaodeViewController.h */ = {isa = PBXFileReference; fileEncoding = 4; lastKnownFileType = sourcecode.c.h; path = GaodeViewController.h; sourceTree = "<group>"; };
		2A312A00189241DC00D8ECA1 /* GaodeViewController.m */ = {isa = PBXFileReference; fileEncoding = 4; lastKnownFileType = sourcecode.c.objc; path = GaodeViewController.m; sourceTree = "<group>"; };
		2A312A0218924F8100D8ECA1 /* GaoDePoint.h */ = {isa = PBXFileReference; fileEncoding = 4; lastKnownFileType = sourcecode.c.h; path = GaoDePoint.h; sourceTree = "<group>"; };
		2A312A0318924F8100D8ECA1 /* GaoDePoint.m */ = {isa = PBXFileReference; fileEncoding = 4; lastKnownFileType = sourcecode.c.objc; path = GaoDePoint.m; sourceTree = "<group>"; };
		2A312A051894A95F00D8ECA1 /* MapKit.framework */ = {isa = PBXFileReference; lastKnownFileType = wrapper.framework; name = MapKit.framework; path = System/Library/Frameworks/MapKit.framework; sourceTree = SDKROOT; };
		2A312A071894E92800D8ECA1 /* Annotation.h */ = {isa = PBXFileReference; fileEncoding = 4; lastKnownFileType = sourcecode.c.h; path = Annotation.h; sourceTree = "<group>"; };
		2A312A081894E92800D8ECA1 /* Annotation.m */ = {isa = PBXFileReference; fileEncoding = 4; lastKnownFileType = sourcecode.c.objc; path = Annotation.m; sourceTree = "<group>"; };
		2A46716218C56C610041F3B9 /* Utis.h */ = {isa = PBXFileReference; fileEncoding = 4; lastKnownFileType = sourcecode.c.h; path = Utis.h; sourceTree = "<group>"; };
		2A46716318C56C610041F3B9 /* Utis.m */ = {isa = PBXFileReference; fileEncoding = 4; lastKnownFileType = sourcecode.c.objc; path = Utis.m; sourceTree = "<group>"; };
		2A5B4077186E9A8600279689 /* ViewController.h */ = {isa = PBXFileReference; fileEncoding = 4; lastKnownFileType = sourcecode.c.h; path = ViewController.h; sourceTree = "<group>"; };
		2A5B4078186E9A8600279689 /* ViewController.m */ = {isa = PBXFileReference; fileEncoding = 4; lastKnownFileType = sourcecode.c.objc; path = ViewController.m; sourceTree = "<group>"; };
		2A5B407B186E9D5D00279689 /* PlistViewController.h */ = {isa = PBXFileReference; fileEncoding = 4; lastKnownFileType = sourcecode.c.h; path = PlistViewController.h; sourceTree = "<group>"; };
		2A5B407C186E9D5D00279689 /* PlistViewController.m */ = {isa = PBXFileReference; fileEncoding = 4; lastKnownFileType = sourcecode.c.objc; path = PlistViewController.m; sourceTree = "<group>"; };
		2A7BD906186EA3DB00C12850 /* PackingList.plist */ = {isa = PBXFileReference; fileEncoding = 4; lastKnownFileType = text.plist.xml; path = PackingList.plist; sourceTree = "<group>"; };
		2A7BD908186EA9B100C12850 /* PackingLibrary.plist */ = {isa = PBXFileReference; fileEncoding = 4; lastKnownFileType = text.plist.xml; path = PackingLibrary.plist; sourceTree = "<group>"; };
		2A8BDA21188636F20053E50E /* ClassExtend.h */ = {isa = PBXFileReference; fileEncoding = 4; lastKnownFileType = sourcecode.c.h; path = ClassExtend.h; sourceTree = "<group>"; };
		2A8BDA22188636F20053E50E /* ClassExtend.m */ = {isa = PBXFileReference; fileEncoding = 4; lastKnownFileType = sourcecode.c.objc; path = ClassExtend.m; sourceTree = "<group>"; };
		2A94BE681889113800B298D1 /* ChineseToPinyin.m */ = {isa = PBXFileReference; fileEncoding = 4; lastKnownFileType = sourcecode.c.objc; path = ChineseToPinyin.m; sourceTree = "<group>"; };
		2A94BE691889113800B298D1 /* ChineseToPinyin.h */ = {isa = PBXFileReference; fileEncoding = 4; lastKnownFileType = sourcecode.c.h; path = ChineseToPinyin.h; sourceTree = "<group>"; };
		2A94BE6C1889159500B298D1 /* SortViewController.h */ = {isa = PBXFileReference; fileEncoding = 4; lastKnownFileType = sourcecode.c.h; path = SortViewController.h; sourceTree = "<group>"; };
		2A94BE6D1889159500B298D1 /* SortViewController.m */ = {isa = PBXFileReference; fileEncoding = 4; lastKnownFileType = sourcecode.c.objc; path = SortViewController.m; sourceTree = "<group>"; };
		2ACCA4B7188F616D00C17151 /* DesignPatterns.h */ = {isa = PBXFileReference; fileEncoding = 4; lastKnownFileType = sourcecode.c.h; path = DesignPatterns.h; sourceTree = "<group>"; };
		2ACCA4B8188F616D00C17151 /* DesignPatterns.m */ = {isa = PBXFileReference; fileEncoding = 4; lastKnownFileType = sourcecode.c.objc; path = DesignPatterns.m; sourceTree = "<group>"; };
		2ACCA4BB188F61A600C17151 /* Animal.h */ = {isa = PBXFileReference; fileEncoding = 4; lastKnownFileType = sourcecode.c.h; path = Animal.h; sourceTree = "<group>"; };
		2ACCA4BC188F61A600C17151 /* Animal.m */ = {isa = PBXFileReference; fileEncoding = 4; lastKnownFileType = sourcecode.c.objc; path = Animal.m; sourceTree = "<group>"; };
		2ACCA4BE188F61B300C17151 /* Dog.h */ = {isa = PBXFileReference; fileEncoding = 4; lastKnownFileType = sourcecode.c.h; path = Dog.h; sourceTree = "<group>"; };
		2ACCA4BF188F61B300C17151 /* Dog.m */ = {isa = PBXFileReference; fileEncoding = 4; lastKnownFileType = sourcecode.c.objc; path = Dog.m; sourceTree = "<group>"; };
		2ACCA4C1188F61BF00C17151 /* Cat.h */ = {isa = PBXFileReference; fileEncoding = 4; lastKnownFileType = sourcecode.c.h; path = Cat.h; sourceTree = "<group>"; };
		2ACCA4C2188F61BF00C17151 /* Cat.m */ = {isa = PBXFileReference; fileEncoding = 4; lastKnownFileType = sourcecode.c.objc; path = Cat.m; sourceTree = "<group>"; };
		2ACCA4C5188F65F600C17151 /* AnimalTestPro.h */ = {isa = PBXFileReference; fileEncoding = 4; lastKnownFileType = sourcecode.c.h; path = AnimalTestPro.h; sourceTree = "<group>"; };
		2ACCA4C6188F6E4000C17151 /* HttpRequest.h */ = {isa = PBXFileReference; fileEncoding = 4; lastKnownFileType = sourcecode.c.h; path = HttpRequest.h; sourceTree = "<group>"; };
		2ACCA4C7188F6E4000C17151 /* HttpRequest.m */ = {isa = PBXFileReference; fileEncoding = 4; lastKnownFileType = sourcecode.c.objc; path = HttpRequest.m; sourceTree = "<group>"; };
		2ACCA4C9188F9EC400C17151 /* Singelton.h */ = {isa = PBXFileReference; fileEncoding = 4; lastKnownFileType = sourcecode.c.h; path = Singelton.h; sourceTree = "<group>"; };
		2ACCA4CA188F9EC400C17151 /* Singelton.m */ = {isa = PBXFileReference; fileEncoding = 4; lastKnownFileType = sourcecode.c.objc; path = Singelton.m; sourceTree = "<group>"; };
		2ACCA4CD1890F3ED00C17151 /* DrawViewController.h */ = {isa = PBXFileReference; fileEncoding = 4; lastKnownFileType = sourcecode.c.h; path = DrawViewController.h; sourceTree = "<group>"; };
		2ACCA4CE1890F3ED00C17151 /* DrawViewController.m */ = {isa = PBXFileReference; fileEncoding = 4; lastKnownFileType = sourcecode.c.objc; path = DrawViewController.m; sourceTree = "<group>"; };
		2ACCA4D11890F49600C17151 /* DrawCircle.h */ = {isa = PBXFileReference; fileEncoding = 4; lastKnownFileType = sourcecode.c.h; path = DrawCircle.h; sourceTree = "<group>"; };
		2ACCA4D21890F49600C17151 /* DrawCircle.m */ = {isa = PBXFileReference; fileEncoding = 4; lastKnownFileType = sourcecode.c.objc; path = DrawCircle.m; sourceTree = "<group>"; };
		2ACCA4D41890FACE00C17151 /* QuartzCore.framework */ = {isa = PBXFileReference; lastKnownFileType = wrapper.framework; name = QuartzCore.framework; path = System/Library/Frameworks/QuartzCore.framework; sourceTree = SDKROOT; };
		ED05E0BB187AE89E001AC6FA /* CopyViewController.h */ = {isa = PBXFileReference; fileEncoding = 4; lastKnownFileType = sourcecode.c.h; path = CopyViewController.h; sourceTree = "<group>"; };
		ED05E0BC187AE89E001AC6FA /* CopyViewController.m */ = {isa = PBXFileReference; fileEncoding = 4; lastKnownFileType = sourcecode.c.objc; path = CopyViewController.m; sourceTree = "<group>"; };
		ED05E0BE187AE9C6001AC6FA /* People.h */ = {isa = PBXFileReference; fileEncoding = 4; lastKnownFileType = sourcecode.c.h; path = People.h; sourceTree = "<group>"; };
		ED05E0BF187AE9C6001AC6FA /* People.m */ = {isa = PBXFileReference; fileEncoding = 4; lastKnownFileType = sourcecode.c.objc; path = People.m; sourceTree = "<group>"; };
		ED05E0C1187AF494001AC6FA /* NSMutableArray+DeepCopy.h */ = {isa = PBXFileReference; fileEncoding = 4; lastKnownFileType = sourcecode.c.h; path = "NSMutableArray+DeepCopy.h"; sourceTree = "<group>"; };
		ED05E0C2187AF494001AC6FA /* NSMutableArray+DeepCopy.m */ = {isa = PBXFileReference; fileEncoding = 4; lastKnownFileType = sourcecode.c.objc; path = "NSMutableArray+DeepCopy.m"; sourceTree = "<group>"; };
		EDE7C31F18AD0A2700739338 /* T3_4@2x.png */ = {isa = PBXFileReference; lastKnownFileType = image.png; path = "T3_4@2x.png"; sourceTree = "<group>"; };
		EDE7C32018AD0A2700739338 /* T4_4@2x.png */ = {isa = PBXFileReference; lastKnownFileType = image.png; path = "T4_4@2x.png"; sourceTree = "<group>"; };
		EDE7C32118AD0A2700739338 /* T5_4@2x.png */ = {isa = PBXFileReference; lastKnownFileType = image.png; path = "T5_4@2x.png"; sourceTree = "<group>"; };
		EDE7C32218AD0A2700739338 /* T0_4@2x.png */ = {isa = PBXFileReference; lastKnownFileType = image.png; path = "T0_4@2x.png"; sourceTree = "<group>"; };
		EDE7C32318AD0A2700739338 /* T1_4@2x.png */ = {isa = PBXFileReference; lastKnownFileType = image.png; path = "T1_4@2x.png"; sourceTree = "<group>"; };
		EDE7C32418AD0A2700739338 /* T2_4@2x.png */ = {isa = PBXFileReference; lastKnownFileType = image.png; path = "T2_4@2x.png"; sourceTree = "<group>"; };
		EDE7C32B18AD0A3000739338 /* T3@2x.png */ = {isa = PBXFileReference; lastKnownFileType = image.png; path = "T3@2x.png"; sourceTree = "<group>"; };
		EDE7C32C18AD0A3000739338 /* T4@2x.png */ = {isa = PBXFileReference; lastKnownFileType = image.png; path = "T4@2x.png"; sourceTree = "<group>"; };
		EDE7C32D18AD0A3000739338 /* T5@2x.png */ = {isa = PBXFileReference; lastKnownFileType = image.png; path = "T5@2x.png"; sourceTree = "<group>"; };
		EDE7C32E18AD0A3000739338 /* T0@2x.png */ = {isa = PBXFileReference; lastKnownFileType = image.png; path = "T0@2x.png"; sourceTree = "<group>"; };
		EDE7C32F18AD0A3000739338 /* T1@2x.png */ = {isa = PBXFileReference; lastKnownFileType = image.png; path = "T1@2x.png"; sourceTree = "<group>"; };
		EDE7C33018AD0A3000739338 /* T2@2x.png */ = {isa = PBXFileReference; lastKnownFileType = image.png; path = "T2@2x.png"; sourceTree = "<group>"; };
		EDE7C33718AD151500739338 /* AirportList.plist */ = {isa = PBXFileReference; fileEncoding = 4; lastKnownFileType = text.plist.xml; path = AirportList.plist; sourceTree = "<group>"; };
		EDEF46B8187909C00081612F /* CustomTextField.h */ = {isa = PBXFileReference; fileEncoding = 4; lastKnownFileType = sourcecode.c.h; path = CustomTextField.h; sourceTree = "<group>"; };
		EDEF46B9187909C00081612F /* CustomTextField.m */ = {isa = PBXFileReference; fileEncoding = 4; lastKnownFileType = sourcecode.c.objc; path = CustomTextField.m; sourceTree = "<group>"; };
		EDEF46BC18790AAC0081612F /* CTField.h */ = {isa = PBXFileReference; fileEncoding = 4; lastKnownFileType = sourcecode.c.h; path = CTField.h; sourceTree = "<group>"; };
		EDEF46BD18790AAC0081612F /* CTField.m */ = {isa = PBXFileReference; fileEncoding = 4; lastKnownFileType = sourcecode.c.objc; path = CTField.m; sourceTree = "<group>"; };
		EDEF46BF18790CF30081612F /* qq@2x.png */ = {isa = PBXFileReference; lastKnownFileType = image.png; path = "qq@2x.png"; sourceTree = "<group>"; };
		EDF873F61873B1FA002CE946 /* ZheDieTable.h */ = {isa = PBXFileReference; fileEncoding = 4; lastKnownFileType = sourcecode.c.h; path = ZheDieTable.h; sourceTree = "<group>"; };
		EDF873F71873B1FA002CE946 /* ZheDieTable.m */ = {isa = PBXFileReference; fileEncoding = 4; lastKnownFileType = sourcecode.c.objc; path = ZheDieTable.m; sourceTree = "<group>"; };
/* End PBXFileReference section */

/* Begin PBXFrameworksBuildPhase section */
		2A1992CF1864622800845F3E /* Frameworks */ = {
			isa = PBXFrameworksBuildPhase;
			buildActionMask = 2147483647;
			files = (
				2A312A061894A95F00D8ECA1 /* MapKit.framework in Frameworks */,
				2ACCA4D51890FACE00C17151 /* QuartzCore.framework in Frameworks */,
				2A19930F18657B8100845F3E /* EventKit.framework in Frameworks */,
				2A1992D81864622800845F3E /* CoreGraphics.framework in Frameworks */,
				2A1992DA1864622800845F3E /* UIKit.framework in Frameworks */,
				2A1992D61864622800845F3E /* Foundation.framework in Frameworks */,
			);
			runOnlyForDeploymentPostprocessing = 0;
		};
		2A1992EA1864622800845F3E /* Frameworks */ = {
			isa = PBXFrameworksBuildPhase;
			buildActionMask = 2147483647;
			files = (
				2A1992EF1864622800845F3E /* XCTest.framework in Frameworks */,
				2A1992F11864622800845F3E /* UIKit.framework in Frameworks */,
				2A1992F01864622800845F3E /* Foundation.framework in Frameworks */,
			);
			runOnlyForDeploymentPostprocessing = 0;
		};
/* End PBXFrameworksBuildPhase section */

/* Begin PBXGroup section */
		2A1992C91864622800845F3E = {
			isa = PBXGroup;
			children = (
				2A1992DB1864622800845F3E /* TableTest */,
				2A1992F41864622800845F3E /* TableTestTests */,
				2A1992D41864622800845F3E /* Frameworks */,
				2A1992D31864622800845F3E /* Products */,
			);
			sourceTree = "<group>";
		};
		2A1992D31864622800845F3E /* Products */ = {
			isa = PBXGroup;
			children = (
				2A1992D21864622800845F3E /* TableTest.app */,
				2A1992ED1864622800845F3E /* TableTestTests.xctest */,
			);
			name = Products;
			sourceTree = "<group>";
		};
		2A1992D41864622800845F3E /* Frameworks */ = {
			isa = PBXGroup;
			children = (
				2A312A051894A95F00D8ECA1 /* MapKit.framework */,
				2ACCA4D41890FACE00C17151 /* QuartzCore.framework */,
				2A19930E18657B8100845F3E /* EventKit.framework */,
				2A1992D51864622800845F3E /* Foundation.framework */,
				2A1992D71864622800845F3E /* CoreGraphics.framework */,
				2A1992D91864622800845F3E /* UIKit.framework */,
				2A1992EE1864622800845F3E /* XCTest.framework */,
			);
			name = Frameworks;
			sourceTree = "<group>";
		};
		2A1992DB1864622800845F3E /* TableTest */ = {
			isa = PBXGroup;
			children = (
				2A1992E41864622800845F3E /* AppDelegate.h */,
				2A1992E51864622800845F3E /* AppDelegate.m */,
				2A5B4077186E9A8600279689 /* ViewController.h */,
				2A5B4078186E9A8600279689 /* ViewController.m */,
				2A46716218C56C610041F3B9 /* Utis.h */,
				2A46716318C56C610041F3B9 /* Utis.m */,
				2A3129FE189241B600D8ECA1 /* Gaode */,
				2ACCA4D01890F3F000C17151 /* Draw */,
				2ACCA4BA188F617300C17151 /* Design */,
				2A94BE6B1889157E00B298D1 /* Sort */,
				ED05E0BA187AE880001AC6FA /* Copy */,
				EDEF46BB187909C80081612F /* CustomTextField */,
				EDF873F51873B1C6002CE946 /* TableView折叠 */,
				2A5B407E186E9D6200279689 /* Plist */,
				2A5B407A186E9D3D00279689 /* 字母索引 */,
				2A19930A186579F800845F3E /* TableTest */,
				2A1992E71864622800845F3E /* Images.xcassets */,
				2A1992DC1864622800845F3E /* Supporting Files */,
			);
			path = TableTest;
			sourceTree = "<group>";
		};
		2A1992DC1864622800845F3E /* Supporting Files */ = {
			isa = PBXGroup;
			children = (
				EDEF46BF18790CF30081612F /* qq@2x.png */,
				2A1992DD1864622800845F3E /* TableTest-Info.plist */,
				2A1992DE1864622800845F3E /* InfoPlist.strings */,
				2A1992E11864622800845F3E /* main.m */,
				2A1992E31864622800845F3E /* TableTest-Prefix.pch */,
			);
			name = "Supporting Files";
			sourceTree = "<group>";
		};
		2A1992F41864622800845F3E /* TableTestTests */ = {
			isa = PBXGroup;
			children = (
				2A1992FA1864622800845F3E /* TableTestTests.m */,
				2A1992F51864622800845F3E /* Supporting Files */,
			);
			path = TableTestTests;
			sourceTree = "<group>";
		};
		2A1992F51864622800845F3E /* Supporting Files */ = {
			isa = PBXGroup;
			children = (
				2A1992F61864622800845F3E /* TableTestTests-Info.plist */,
				2A1992F71864622800845F3E /* InfoPlist.strings */,
			);
			name = "Supporting Files";
			sourceTree = "<group>";
		};
		2A19930A186579F800845F3E /* TableTest */ = {
			isa = PBXGroup;
			children = (
				2A1993041864623B00845F3E /* RootViewController.h */,
				2A1993051864623B00845F3E /* RootViewController.m */,
				2A19930718652CE800845F3E /* CustomCell.h */,
				2A19930818652CE800845F3E /* CustomCell.m */,
			);
			name = TableTest;
			sourceTree = "<group>";
		};
		2A3129FE189241B600D8ECA1 /* Gaode */ = {
			isa = PBXGroup;
			children = (
				2A3129FF189241DC00D8ECA1 /* GaodeViewController.h */,
				2A312A00189241DC00D8ECA1 /* GaodeViewController.m */,
				2A312A0218924F8100D8ECA1 /* GaoDePoint.h */,
				2A312A0318924F8100D8ECA1 /* GaoDePoint.m */,
				2A312A071894E92800D8ECA1 /* Annotation.h */,
				2A312A081894E92800D8ECA1 /* Annotation.m */,
			);
			name = Gaode;
			sourceTree = "<group>";
		};
		2A5B407A186E9D3D00279689 /* 字母索引 */ = {
			isa = PBXGroup;
			children = (
				2A19930B18657A3100845F3E /* CalendarsRemindersViewController.h */,
				2A19930C18657A3100845F3E /* CalendarsRemindersViewController.m */,
				2A94BE691889113800B298D1 /* ChineseToPinyin.h */,
				2A94BE681889113800B298D1 /* ChineseToPinyin.m */,
			);
			name = "字母索引";
			sourceTree = "<group>";
		};
		2A5B407E186E9D6200279689 /* Plist */ = {
			isa = PBXGroup;
			children = (
				2A5B407B186E9D5D00279689 /* PlistViewController.h */,
				2A5B407C186E9D5D00279689 /* PlistViewController.m */,
				2A7BD906186EA3DB00C12850 /* PackingList.plist */,
				2A7BD908186EA9B100C12850 /* PackingLibrary.plist */,
			);
			name = Plist;
			sourceTree = "<group>";
		};
		2A94BE6B1889157E00B298D1 /* Sort */ = {
			isa = PBXGroup;
			children = (
				2A94BE6C1889159500B298D1 /* SortViewController.h */,
				2A94BE6D1889159500B298D1 /* SortViewController.m */,
				EDE7C31E18AD0A0C00739338 /* TaxiResource */,
			);
			name = Sort;
			sourceTree = "<group>";
		};
		2ACCA4BA188F617300C17151 /* Design */ = {
			isa = PBXGroup;
			children = (
				2ACCA4B7188F616D00C17151 /* DesignPatterns.h */,
				2ACCA4B8188F616D00C17151 /* DesignPatterns.m */,
				2ACCA4C5188F65F600C17151 /* AnimalTestPro.h */,
				2ACCA4BB188F61A600C17151 /* Animal.h */,
				2ACCA4BC188F61A600C17151 /* Animal.m */,
				2ACCA4BE188F61B300C17151 /* Dog.h */,
				2ACCA4BF188F61B300C17151 /* Dog.m */,
				2ACCA4C1188F61BF00C17151 /* Cat.h */,
				2ACCA4C2188F61BF00C17151 /* Cat.m */,
				2ACCA4C6188F6E4000C17151 /* HttpRequest.h */,
				2ACCA4C7188F6E4000C17151 /* HttpRequest.m */,
				2ACCA4C9188F9EC400C17151 /* Singelton.h */,
				2ACCA4CA188F9EC400C17151 /* Singelton.m */,
			);
			name = Design;
			sourceTree = "<group>";
		};
		2ACCA4D01890F3F000C17151 /* Draw */ = {
			isa = PBXGroup;
			children = (
				2ACCA4CD1890F3ED00C17151 /* DrawViewController.h */,
				2ACCA4CE1890F3ED00C17151 /* DrawViewController.m */,
				2ACCA4D11890F49600C17151 /* DrawCircle.h */,
				2ACCA4D21890F49600C17151 /* DrawCircle.m */,
			);
			name = Draw;
			sourceTree = "<group>";
		};
		ED05E0BA187AE880001AC6FA /* Copy */ = {
			isa = PBXGroup;
			children = (
				ED05E0BB187AE89E001AC6FA /* CopyViewController.h */,
				ED05E0BC187AE89E001AC6FA /* CopyViewController.m */,
				ED05E0C1187AF494001AC6FA /* NSMutableArray+DeepCopy.h */,
				ED05E0C2187AF494001AC6FA /* NSMutableArray+DeepCopy.m */,
				ED05E0BE187AE9C6001AC6FA /* People.h */,
				ED05E0BF187AE9C6001AC6FA /* People.m */,
				2A8BDA21188636F20053E50E /* ClassExtend.h */,
				2A8BDA22188636F20053E50E /* ClassExtend.m */,
			);
			name = Copy;
			sourceTree = "<group>";
		};
		EDE7C31E18AD0A0C00739338 /* TaxiResource */ = {
			isa = PBXGroup;
			children = (
				EDE7C31F18AD0A2700739338 /* T3_4@2x.png */,
				EDE7C32018AD0A2700739338 /* T4_4@2x.png */,
				EDE7C32118AD0A2700739338 /* T5_4@2x.png */,
				EDE7C32218AD0A2700739338 /* T0_4@2x.png */,
				EDE7C32318AD0A2700739338 /* T1_4@2x.png */,
				EDE7C32418AD0A2700739338 /* T2_4@2x.png */,
				EDE7C32B18AD0A3000739338 /* T3@2x.png */,
				EDE7C32C18AD0A3000739338 /* T4@2x.png */,
				EDE7C32D18AD0A3000739338 /* T5@2x.png */,
				EDE7C32E18AD0A3000739338 /* T0@2x.png */,
				EDE7C32F18AD0A3000739338 /* T1@2x.png */,
				EDE7C33018AD0A3000739338 /* T2@2x.png */,
				EDE7C33718AD151500739338 /* AirportList.plist */,
			);
			name = TaxiResource;
			sourceTree = "<group>";
		};
		EDEF46BB187909C80081612F /* CustomTextField */ = {
			isa = PBXGroup;
			children = (
				EDEF46B8187909C00081612F /* CustomTextField.h */,
				EDEF46B9187909C00081612F /* CustomTextField.m */,
				EDEF46BC18790AAC0081612F /* CTField.h */,
				EDEF46BD18790AAC0081612F /* CTField.m */,
				2A131309187BDD2300A5F7D4 /* CTButton.h */,
				2A13130A187BDD2300A5F7D4 /* CTButton.m */,
			);
			name = CustomTextField;
			sourceTree = "<group>";
		};
		EDF873F51873B1C6002CE946 /* TableView折叠 */ = {
			isa = PBXGroup;
			children = (
				EDF873F61873B1FA002CE946 /* ZheDieTable.h */,
				EDF873F71873B1FA002CE946 /* ZheDieTable.m */,
			);
			name = "TableView折叠";
			sourceTree = "<group>";
		};
/* End PBXGroup section */

/* Begin PBXNativeTarget section */
		2A1992D11864622800845F3E /* TableTest */ = {
			isa = PBXNativeTarget;
			buildConfigurationList = 2A1992FE1864622800845F3E /* Build configuration list for PBXNativeTarget "TableTest" */;
			buildPhases = (
				2A1992CE1864622800845F3E /* Sources */,
				2A1992CF1864622800845F3E /* Frameworks */,
				2A1992D01864622800845F3E /* Resources */,
			);
			buildRules = (
			);
			dependencies = (
			);
			name = TableTest;
			productName = TableTest;
			productReference = 2A1992D21864622800845F3E /* TableTest.app */;
			productType = "com.apple.product-type.application";
		};
		2A1992EC1864622800845F3E /* TableTestTests */ = {
			isa = PBXNativeTarget;
			buildConfigurationList = 2A1993011864622800845F3E /* Build configuration list for PBXNativeTarget "TableTestTests" */;
			buildPhases = (
				2A1992E91864622800845F3E /* Sources */,
				2A1992EA1864622800845F3E /* Frameworks */,
				2A1992EB1864622800845F3E /* Resources */,
			);
			buildRules = (
			);
			dependencies = (
				2A1992F31864622800845F3E /* PBXTargetDependency */,
			);
			name = TableTestTests;
			productName = TableTestTests;
			productReference = 2A1992ED1864622800845F3E /* TableTestTests.xctest */;
			productType = "com.apple.product-type.bundle.unit-test";
		};
/* End PBXNativeTarget section */

/* Begin PBXProject section */
		2A1992CA1864622800845F3E /* Project object */ = {
			isa = PBXProject;
			attributes = {
				LastUpgradeCheck = 0500;
				ORGANIZATIONNAME = "艺龙员工";
				TargetAttributes = {
					2A1992D11864622800845F3E = {
						DevelopmentTeam = HF7699KSUU;
					};
					2A1992EC1864622800845F3E = {
						TestTargetID = 2A1992D11864622800845F3E;
					};
				};
			};
			buildConfigurationList = 2A1992CD1864622800845F3E /* Build configuration list for PBXProject "TableTest" */;
			compatibilityVersion = "Xcode 3.2";
			developmentRegion = English;
			hasScannedForEncodings = 0;
			knownRegions = (
				en,
			);
			mainGroup = 2A1992C91864622800845F3E;
			productRefGroup = 2A1992D31864622800845F3E /* Products */;
			projectDirPath = "";
			projectRoot = "";
			targets = (
				2A1992D11864622800845F3E /* TableTest */,
				2A1992EC1864622800845F3E /* TableTestTests */,
			);
		};
/* End PBXProject section */

/* Begin PBXResourcesBuildPhase section */
		2A1992D01864622800845F3E /* Resources */ = {
			isa = PBXResourcesBuildPhase;
			buildActionMask = 2147483647;
			files = (
				2A7BD909186EA9B100C12850 /* PackingLibrary.plist in Resources */,
				EDE7C33418AD0A3000739338 /* T0@2x.png in Resources */,
				EDE7C33218AD0A3000739338 /* T4@2x.png in Resources */,
				2A7BD907186EA3DB00C12850 /* PackingList.plist in Resources */,
				EDE7C33818AD151500739338 /* AirportList.plist in Resources */,
				EDE7C33618AD0A3000739338 /* T2@2x.png in Resources */,
				EDE7C32918AD0A2700739338 /* T1_4@2x.png in Resources */,
				EDE7C33118AD0A3000739338 /* T3@2x.png in Resources */,
				EDE7C32518AD0A2700739338 /* T3_4@2x.png in Resources */,
				EDE7C32618AD0A2700739338 /* T4_4@2x.png in Resources */,
				EDE7C33318AD0A3000739338 /* T5@2x.png in Resources */,
				EDE7C33518AD0A3000739338 /* T1@2x.png in Resources */,
				EDE7C32718AD0A2700739338 /* T5_4@2x.png in Resources */,
				EDEF46C018790CF30081612F /* qq@2x.png in Resources */,
				2A1992E01864622800845F3E /* InfoPlist.strings in Resources */,
				EDE7C32A18AD0A2700739338 /* T2_4@2x.png in Resources */,
				2A1992E81864622800845F3E /* Images.xcassets in Resources */,
				EDE7C32818AD0A2700739338 /* T0_4@2x.png in Resources */,
			);
			runOnlyForDeploymentPostprocessing = 0;
		};
		2A1992EB1864622800845F3E /* Resources */ = {
			isa = PBXResourcesBuildPhase;
			buildActionMask = 2147483647;
			files = (
				2A1992F91864622800845F3E /* InfoPlist.strings in Resources */,
			);
			runOnlyForDeploymentPostprocessing = 0;
		};
/* End PBXResourcesBuildPhase section */

/* Begin PBXSourcesBuildPhase section */
		2A1992CE1864622800845F3E /* Sources */ = {
			isa = PBXSourcesBuildPhase;
			buildActionMask = 2147483647;
			files = (
				ED05E0C0187AE9C6001AC6FA /* People.m in Sources */,
				2A5B4079186E9A8600279689 /* ViewController.m in Sources */,
				2ACCA4D31890F49600C17151 /* DrawCircle.m in Sources */,
				2ACCA4C0188F61B300C17151 /* Dog.m in Sources */,
				2ACCA4C8188F6E4000C17151 /* HttpRequest.m in Sources */,
				ED05E0C3187AF494001AC6FA /* NSMutableArray+DeepCopy.m in Sources */,
				2A1992E61864622800845F3E /* AppDelegate.m in Sources */,
				2A312A01189241DC00D8ECA1 /* GaodeViewController.m in Sources */,
				EDEF46BE18790AAC0081612F /* CTField.m in Sources */,
				2A8BDA23188636F20053E50E /* ClassExtend.m in Sources */,
				2A312A091894E92800D8ECA1 /* Annotation.m in Sources */,
				2A5B407D186E9D5D00279689 /* PlistViewController.m in Sources */,
				2A312A0418924F8100D8ECA1 /* GaoDePoint.m in Sources */,
				2A1992E21864622800845F3E /* main.m in Sources */,
				2ACCA4C3188F61BF00C17151 /* Cat.m in Sources */,
				2ACCA4BD188F61A600C17151 /* Animal.m in Sources */,
				2ACCA4CF1890F3ED00C17151 /* DrawViewController.m in Sources */,
				2A13130B187BDD2300A5F7D4 /* CTButton.m in Sources */,
				2A19930918652CE800845F3E /* CustomCell.m in Sources */,
				2A19930D18657A3100845F3E /* CalendarsRemindersViewController.m in Sources */,
				2A46716418C56C610041F3B9 /* Utis.m in Sources */,
				EDF873F81873B1FA002CE946 /* ZheDieTable.m in Sources */,
				ED05E0BD187AE89E001AC6FA /* CopyViewController.m in Sources */,
				2A94BE6E1889159500B298D1 /* SortViewController.m in Sources */,
				2ACCA4B9188F616D00C17151 /* DesignPatterns.m in Sources */,
				EDEF46BA187909C00081612F /* CustomTextField.m in Sources */,
				2ACCA4CB188F9EC400C17151 /* Singelton.m in Sources */,
				2A94BE6A1889113800B298D1 /* ChineseToPinyin.m in Sources */,
				2A1993061864623B00845F3E /* RootViewController.m in Sources */,
			);
			runOnlyForDeploymentPostprocessing = 0;
		};
		2A1992E91864622800845F3E /* Sources */ = {
			isa = PBXSourcesBuildPhase;
			buildActionMask = 2147483647;
			files = (
				2A1992FB1864622800845F3E /* TableTestTests.m in Sources */,
			);
			runOnlyForDeploymentPostprocessing = 0;
		};
/* End PBXSourcesBuildPhase section */

/* Begin PBXTargetDependency section */
		2A1992F31864622800845F3E /* PBXTargetDependency */ = {
			isa = PBXTargetDependency;
			target = 2A1992D11864622800845F3E /* TableTest */;
			targetProxy = 2A1992F21864622800845F3E /* PBXContainerItemProxy */;
		};
/* End PBXTargetDependency section */

/* Begin PBXVariantGroup section */
		2A1992DE1864622800845F3E /* InfoPlist.strings */ = {
			isa = PBXVariantGroup;
			children = (
				2A1992DF1864622800845F3E /* en */,
			);
			name = InfoPlist.strings;
			sourceTree = "<group>";
		};
		2A1992F71864622800845F3E /* InfoPlist.strings */ = {
			isa = PBXVariantGroup;
			children = (
				2A1992F81864622800845F3E /* en */,
			);
			name = InfoPlist.strings;
			sourceTree = "<group>";
		};
/* End PBXVariantGroup section */

/* Begin XCBuildConfiguration section */
		2A1992FC1864622800845F3E /* Debug */ = {
			isa = XCBuildConfiguration;
			buildSettings = {
				ALWAYS_SEARCH_USER_PATHS = NO;
				ARCHS = "$(ARCHS_STANDARD_INCLUDING_64_BIT)";
				CLANG_CXX_LANGUAGE_STANDARD = "gnu++0x";
				CLANG_CXX_LIBRARY = "libc++";
				CLANG_ENABLE_MODULES = YES;
				CLANG_ENABLE_OBJC_ARC = YES;
				CLANG_WARN_BOOL_CONVERSION = YES;
				CLANG_WARN_CONSTANT_CONVERSION = YES;
				CLANG_WARN_DIRECT_OBJC_ISA_USAGE = YES_ERROR;
				CLANG_WARN_EMPTY_BODY = YES;
				CLANG_WARN_ENUM_CONVERSION = YES;
				CLANG_WARN_INT_CONVERSION = YES;
				CLANG_WARN_OBJC_ROOT_CLASS = YES_ERROR;
				CLANG_WARN__DUPLICATE_METHOD_MATCH = YES;
				"CODE_SIGN_IDENTITY[sdk=iphoneos*]" = "iPhone Developer";
				COPY_PHASE_STRIP = NO;
				GCC_C_LANGUAGE_STANDARD = gnu99;
				GCC_DYNAMIC_NO_PIC = NO;
				GCC_OPTIMIZATION_LEVEL = 0;
				GCC_PREPROCESSOR_DEFINITIONS = (
					"DEBUG=1",
					"$(inherited)",
				);
				GCC_SYMBOLS_PRIVATE_EXTERN = NO;
				GCC_WARN_64_TO_32_BIT_CONVERSION = YES;
				GCC_WARN_ABOUT_RETURN_TYPE = YES_ERROR;
				GCC_WARN_UNDECLARED_SELECTOR = YES;
				GCC_WARN_UNINITIALIZED_AUTOS = YES;
				GCC_WARN_UNUSED_FUNCTION = YES;
				GCC_WARN_UNUSED_VARIABLE = YES;
				IPHONEOS_DEPLOYMENT_TARGET = 7.0;
				ONLY_ACTIVE_ARCH = YES;
				SDKROOT = iphoneos;
				TARGETED_DEVICE_FAMILY = "1,2";
			};
			name = Debug;
		};
		2A1992FD1864622800845F3E /* Release */ = {
			isa = XCBuildConfiguration;
			buildSettings = {
				ALWAYS_SEARCH_USER_PATHS = NO;
				ARCHS = "$(ARCHS_STANDARD_INCLUDING_64_BIT)";
				CLANG_CXX_LANGUAGE_STANDARD = "gnu++0x";
				CLANG_CXX_LIBRARY = "libc++";
				CLANG_ENABLE_MODULES = YES;
				CLANG_ENABLE_OBJC_ARC = YES;
				CLANG_WARN_BOOL_CONVERSION = YES;
				CLANG_WARN_CONSTANT_CONVERSION = YES;
				CLANG_WARN_DIRECT_OBJC_ISA_USAGE = YES_ERROR;
				CLANG_WARN_EMPTY_BODY = YES;
				CLANG_WARN_ENUM_CONVERSION = YES;
				CLANG_WARN_INT_CONVERSION = YES;
				CLANG_WARN_OBJC_ROOT_CLASS = YES_ERROR;
				CLANG_WARN__DUPLICATE_METHOD_MATCH = YES;
				"CODE_SIGN_IDENTITY[sdk=iphoneos*]" = "iPhone Developer";
				COPY_PHASE_STRIP = YES;
				ENABLE_NS_ASSERTIONS = NO;
				GCC_C_LANGUAGE_STANDARD = gnu99;
				GCC_WARN_64_TO_32_BIT_CONVERSION = YES;
				GCC_WARN_ABOUT_RETURN_TYPE = YES_ERROR;
				GCC_WARN_UNDECLARED_SELECTOR = YES;
				GCC_WARN_UNINITIALIZED_AUTOS = YES;
				GCC_WARN_UNUSED_FUNCTION = YES;
				GCC_WARN_UNUSED_VARIABLE = YES;
				IPHONEOS_DEPLOYMENT_TARGET = 7.0;
				SDKROOT = iphoneos;
				TARGETED_DEVICE_FAMILY = "1,2";
				VALIDATE_PRODUCT = YES;
			};
			name = Release;
		};
		2A1992FF1864622800845F3E /* Debug */ = {
			isa = XCBuildConfiguration;
			buildSettings = {
				ASSETCATALOG_COMPILER_APPICON_NAME = AppIcon;
				ASSETCATALOG_COMPILER_LAUNCHIMAGE_NAME = LaunchImage;
				CODE_SIGN_IDENTITY = "iPhone Developer";
				GCC_PRECOMPILE_PREFIX_HEADER = YES;
				GCC_PREFIX_HEADER = "TableTest/TableTest-Prefix.pch";
				INFOPLIST_FILE = "TableTest/TableTest-Info.plist";
				IPHONEOS_DEPLOYMENT_TARGET = 6.0;
				PRODUCT_NAME = "$(TARGET_NAME)";
				WRAPPER_EXTENSION = app;
			};
			name = Debug;
		};
		2A1993001864622800845F3E /* Release */ = {
			isa = XCBuildConfiguration;
			buildSettings = {
				ASSETCATALOG_COMPILER_APPICON_NAME = AppIcon;
				ASSETCATALOG_COMPILER_LAUNCHIMAGE_NAME = LaunchImage;
				CODE_SIGN_IDENTITY = "iPhone Developer";
				GCC_PRECOMPILE_PREFIX_HEADER = YES;
				GCC_PREFIX_HEADER = "TableTest/TableTest-Prefix.pch";
				INFOPLIST_FILE = "TableTest/TableTest-Info.plist";
				IPHONEOS_DEPLOYMENT_TARGET = 6.0;
				PRODUCT_NAME = "$(TARGET_NAME)";
				WRAPPER_EXTENSION = app;
			};
			name = Release;
		};
		2A1993021864622800845F3E /* Debug */ = {
			isa = XCBuildConfiguration;
			buildSettings = {
				ARCHS = "$(ARCHS_STANDARD_INCLUDING_64_BIT)";
				BUNDLE_LOADER = "$(BUILT_PRODUCTS_DIR)/TableTest.app/TableTest";
				FRAMEWORK_SEARCH_PATHS = (
					"$(SDKROOT)/Developer/Library/Frameworks",
					"$(inherited)",
					"$(DEVELOPER_FRAMEWORKS_DIR)",
				);
				GCC_PRECOMPILE_PREFIX_HEADER = YES;
				GCC_PREFIX_HEADER = "TableTest/TableTest-Prefix.pch";
				GCC_PREPROCESSOR_DEFINITIONS = (
					"DEBUG=1",
					"$(inherited)",
				);
				INFOPLIST_FILE = "TableTestTests/TableTestTests-Info.plist";
				PRODUCT_NAME = "$(TARGET_NAME)";
				TEST_HOST = "$(BUNDLE_LOADER)";
				WRAPPER_EXTENSION = xctest;
			};
			name = Debug;
		};
		2A1993031864622800845F3E /* Release */ = {
			isa = XCBuildConfiguration;
			buildSettings = {
				ARCHS = "$(ARCHS_STANDARD_INCLUDING_64_BIT)";
				BUNDLE_LOADER = "$(BUILT_PRODUCTS_DIR)/TableTest.app/TableTest";
				FRAMEWORK_SEARCH_PATHS = (
					"$(SDKROOT)/Developer/Library/Frameworks",
					"$(inherited)",
					"$(DEVELOPER_FRAMEWORKS_DIR)",
				);
				GCC_PRECOMPILE_PREFIX_HEADER = YES;
				GCC_PREFIX_HEADER = "TableTest/TableTest-Prefix.pch";
				INFOPLIST_FILE = "TableTestTests/TableTestTests-Info.plist";
				PRODUCT_NAME = "$(TARGET_NAME)";
				TEST_HOST = "$(BUNDLE_LOADER)";
				WRAPPER_EXTENSION = xctest;
			};
			name = Release;
		};
/* End XCBuildConfiguration section */

/* Begin XCConfigurationList section */
		2A1992CD1864622800845F3E /* Build configuration list for PBXProject "TableTest" */ = {
			isa = XCConfigurationList;
			buildConfigurations = (
				2A1992FC1864622800845F3E /* Debug */,
				2A1992FD1864622800845F3E /* Release */,
			);
			defaultConfigurationIsVisible = 0;
			defaultConfigurationName = Release;
		};
		2A1992FE1864622800845F3E /* Build configuration list for PBXNativeTarget "TableTest" */ = {
			isa = XCConfigurationList;
			buildConfigurations = (
				2A1992FF1864622800845F3E /* Debug */,
				2A1993001864622800845F3E /* Release */,
			);
			defaultConfigurationIsVisible = 0;
			defaultConfigurationName = Release;
		};
		2A1993011864622800845F3E /* Build configuration list for PBXNativeTarget "TableTestTests" */ = {
			isa = XCConfigurationList;
			buildConfigurations = (
				2A1993021864622800845F3E /* Debug */,
				2A1993031864622800845F3E /* Release */,
			);
			defaultConfigurationIsVisible = 0;
			defaultConfigurationName = Release;
		};
/* End XCConfigurationList section */
	};
	rootObject = 2A1992CA1864622800845F3E /* Project object */;
}
